
Microsoft Visual Studio Solution File, Format Version 12.00
# Visual Studio 14
VisualStudioVersion = 14.0.25123.0
MinimumVisualStudioVersion = 10.0.40219.1
Project("{FAE04EC0-301F-11D3-BF4B-00C04F79EFBC}") = "BalanceReport", "BalanceReport\BalanceReport.csproj", "{5C397F56-6126-4F15-B6EC-7391BB0C13EB}"
EndProject
Project("{2150E333-8FDC-42A3-9474-1A3956D46DE8}") = "BalanceProject", "BalanceProject", "{B04915AD-F43B-4DDA-92D2-5B3738E8BBBF}"
EndProject
Project("{2150E333-8FDC-42A3-9474-1A3956D46DE8}") = "MainProject", "MainProject", "{05EF5BD6-4EA2-4082-A248-88F38467E2C5}"
EndProject
Project("{2150E333-8FDC-42A3-9474-1A3956D46DE8}") = "BLL", "BLL", "{4A28851E-EE0E-4D7E-8F53-DA27FE225BE3}"
EndProject
Project("{2150E333-8FDC-42A3-9474-1A3956D46DE8}") = "Themes", "Themes", "{BB7EC56F-7505-4058-B7CA-16085EC2739A}"
EndProject
Project("{2150E333-8FDC-42A3-9474-1A3956D46DE8}") = "Mappings", "Mappings", "{67059641-0EFC-4E26-AA2D-CDBBEEF4C2C6}"
EndProject
Project("{FAE04EC0-301F-11D3-BF4B-00C04F79EFBC}") = "MainHome", "MainHome\MainHome.csproj", "{E64D85BB-68FE-42FE-83C9-55D23FFDF7A4}"
EndProject
Project("{2150E333-8FDC-42A3-9474-1A3956D46DE8}") = "Config", "Config", "{243C537A-01F9-4D21-AED0-7C61BBF8EBEA}"
EndProject
Project("{FAE04EC0-301F-11D3-BF4B-00C04F79EFBC}") = "Configure", "Config\Configure.csproj", "{46C7DBD4-3821-4579-995D-0E88BFF6BEAC}"
EndProject
Project("{FAE04EC0-301F-11D3-BF4B-00C04F79EFBC}") = "BalanceModel", "BalanceReportModel\BalanceModel.csproj", "{48881A94-14F8-4ABE-A924-B3FD047DD557}"
EndProject
Project("{FAE04EC0-301F-11D3-BF4B-00C04F79EFBC}") = "MahApps.Metro", "MahApps.Metro\MahApps.Metro.csproj", "{5B1710D2-5DC8-4754-91B2-19165DE49B3D}"
EndProject
Project("{2150E333-8FDC-42A3-9474-1A3956D46DE8}") = "WPFServices", "WPFServices", "{773DE8C3-C719-4853-A0A4-8F765551E6EA}"
EndProject
Project("{FAE04EC0-301F-11D3-BF4B-00C04F79EFBC}") = "WcfBalanceServiceLibrary", "WcfBalanceServiceLibrary\WcfBalanceServiceLibrary.csproj", "{96315950-B9E3-4EC9-AC4F-B6E10B77B422}"
	ProjectSection(ProjectDependencies) = postProject
		{9F97D256-7446-41C6-A499-C52227F4B82C} = {9F97D256-7446-41C6-A499-C52227F4B82C}
		{46C7DBD4-3821-4579-995D-0E88BFF6BEAC} = {46C7DBD4-3821-4579-995D-0E88BFF6BEAC}
	EndProjectSection
EndProject
Project("{FAE04EC0-301F-11D3-BF4B-00C04F79EFBC}") = "BalanceMapping", "BalanceMapping\BalanceMapping.csproj", "{9F97D256-7446-41C6-A499-C52227F4B82C}"
EndProject
Project("{2150E333-8FDC-42A3-9474-1A3956D46DE8}") = "Models", "Models", "{4F5578D4-5206-4D7A-82B9-E7E72F335138}"
EndProject
Project("{FAE04EC0-301F-11D3-BF4B-00C04F79EFBC}") = "BalanceBLL", "BalanceBLL\BalanceBLL.csproj", "{3BEDA392-D2B0-425C-B8D6-D132FF4D3356}"
EndProject
Project("{2150E333-8FDC-42A3-9474-1A3956D46DE8}") = "DAL", "DAL", "{B4F617A1-F662-4852-B4F8-C6278B8285A4}"
EndProject
Project("{FAE04EC0-301F-11D3-BF4B-00C04F79EFBC}") = "BalanceDAL", "BalanceDal\BalanceDAL.csproj", "{55635394-4F80-40C9-8C79-5A958CF2C219}"
EndProject
Project("{FAE04EC0-301F-11D3-BF4B-00C04F79EFBC}") = "Common", "Common\Common.csproj", "{49CC37A0-302E-43C4-ADED-8D79F652242E}"
EndProject
Project("{FAE04EC0-301F-11D3-BF4B-00C04F79EFBC}") = "SqlMaps", "SqlMaps\SqlMaps.csproj", "{E19A6DC8-30F3-45D5-8B67-584C5A034212}"
EndProject
Project("{FAE04EC0-301F-11D3-BF4B-00C04F79EFBC}") = "HostApp", "HostApp\HostApp.csproj", "{A68FB29A-1A80-44F5-A75D-86F7FE0A31F7}"
EndProject
Project("{FAE04EC0-301F-11D3-BF4B-00C04F79EFBC}") = "CustomControls", "CustomControls\CustomControls.csproj", "{E6703634-362A-4E62-A951-614922B7C045}"
EndProject
Project("{FAE04EC0-301F-11D3-BF4B-00C04F79EFBC}") = "Utility", "Utility\Utility.csproj", "{33C58CB0-1338-455F-A678-9D5BE412D468}"
EndProject
Project("{FAE04EC0-301F-11D3-BF4B-00C04F79EFBC}") = "BalanceDataSync", "BalanceDataSync\BalanceDataSync.csproj", "{C57D8718-263E-4A5A-AEFB-76A19F8898D1}"
EndProject
Global
	GlobalSection(SolutionConfigurationPlatforms) = preSolution
		Debug|Any CPU = Debug|Any CPU
		Debug|Mixed Platforms = Debug|Mixed Platforms
		Debug|x86 = Debug|x86
		Release|Any CPU = Release|Any CPU
		Release|Mixed Platforms = Release|Mixed Platforms
		Release|x86 = Release|x86
	EndGlobalSection
	GlobalSection(ProjectConfigurationPlatforms) = postSolution
		{5C397F56-6126-4F15-B6EC-7391BB0C13EB}.Debug|Any CPU.ActiveCfg = Debug|x86
		{5C397F56-6126-4F15-B6EC-7391BB0C13EB}.Debug|Mixed Platforms.ActiveCfg = Debug|x86
		{5C397F56-6126-4F15-B6EC-7391BB0C13EB}.Debug|Mixed Platforms.Build.0 = Debug|x86
		{5C397F56-6126-4F15-B6EC-7391BB0C13EB}.Debug|x86.ActiveCfg = Debug|x86
		{5C397F56-6126-4F15-B6EC-7391BB0C13EB}.Debug|x86.Build.0 = Debug|x86
		{5C397F56-6126-4F15-B6EC-7391BB0C13EB}.Release|Any CPU.ActiveCfg = Release|x86
		{5C397F56-6126-4F15-B6EC-7391BB0C13EB}.Release|Mixed Platforms.ActiveCfg = Release|x86
		{5C397F56-6126-4F15-B6EC-7391BB0C13EB}.Release|Mixed Platforms.Build.0 = Release|x86
		{5C397F56-6126-4F15-B6EC-7391BB0C13EB}.Release|x86.ActiveCfg = Release|x86
		{5C397F56-6126-4F15-B6EC-7391BB0C13EB}.Release|x86.Build.0 = Release|x86
		{E64D85BB-68FE-42FE-83C9-55D23FFDF7A4}.Debug|Any CPU.ActiveCfg = Debug|Any CPU
		{E64D85BB-68FE-42FE-83C9-55D23FFDF7A4}.Debug|Any CPU.Build.0 = Debug|Any CPU
		{E64D85BB-68FE-42FE-83C9-55D23FFDF7A4}.Debug|Mixed Platforms.ActiveCfg = Debug|Any CPU
		{E64D85BB-68FE-42FE-83C9-55D23FFDF7A4}.Debug|Mixed Platforms.Build.0 = Debug|Any CPU
		{E64D85BB-68FE-42FE-83C9-55D23FFDF7A4}.Debug|x86.ActiveCfg = Debug|Any CPU
		{E64D85BB-68FE-42FE-83C9-55D23FFDF7A4}.Debug|x86.Build.0 = Debug|Any CPU
		{E64D85BB-68FE-42FE-83C9-55D23FFDF7A4}.Release|Any CPU.ActiveCfg = Release|Any CPU
		{E64D85BB-68FE-42FE-83C9-55D23FFDF7A4}.Release|Any CPU.Build.0 = Release|Any CPU
		{E64D85BB-68FE-42FE-83C9-55D23FFDF7A4}.Release|Mixed Platforms.ActiveCfg = Release|Any CPU
		{E64D85BB-68FE-42FE-83C9-55D23FFDF7A4}.Release|Mixed Platforms.Build.0 = Release|Any CPU
		{E64D85BB-68FE-42FE-83C9-55D23FFDF7A4}.Release|x86.ActiveCfg = Release|Any CPU
		{E64D85BB-68FE-42FE-83C9-55D23FFDF7A4}.Release|x86.Build.0 = Release|Any CPU
		{46C7DBD4-3821-4579-995D-0E88BFF6BEAC}.Debug|Any CPU.ActiveCfg = Debug|Any CPU
		{46C7DBD4-3821-4579-995D-0E88BFF6BEAC}.Debug|Any CPU.Build.0 = Debug|Any CPU
		{46C7DBD4-3821-4579-995D-0E88BFF6BEAC}.Debug|Mixed Platforms.ActiveCfg = Debug|Any CPU
		{46C7DBD4-3821-4579-995D-0E88BFF6BEAC}.Debug|Mixed Platforms.Build.0 = Debug|Any CPU
		{46C7DBD4-3821-4579-995D-0E88BFF6BEAC}.Debug|x86.ActiveCfg = Debug|Any CPU
		{46C7DBD4-3821-4579-995D-0E88BFF6BEAC}.Debug|x86.Build.0 = Debug|Any CPU
		{46C7DBD4-3821-4579-995D-0E88BFF6BEAC}.Release|Any CPU.ActiveCfg = Release|Any CPU
		{46C7DBD4-3821-4579-995D-0E88BFF6BEAC}.Release|Any CPU.Build.0 = Release|Any CPU
		{46C7DBD4-3821-4579-995D-0E88BFF6BEAC}.Release|Mixed Platforms.ActiveCfg = Release|Any CPU
		{46C7DBD4-3821-4579-995D-0E88BFF6BEAC}.Release|Mixed Platforms.Build.0 = Release|Any CPU
		{46C7DBD4-3821-4579-995D-0E88BFF6BEAC}.Release|x86.ActiveCfg = Release|Any CPU
		{46C7DBD4-3821-4579-995D-0E88BFF6BEAC}.Release|x86.Build.0 = Release|Any CPU
		{48881A94-14F8-4ABE-A924-B3FD047DD557}.Debug|Any CPU.ActiveCfg = Debug|Any CPU
		{48881A94-14F8-4ABE-A924-B3FD047DD557}.Debug|Any CPU.Build.0 = Debug|Any CPU
		{48881A94-14F8-4ABE-A924-B3FD047DD557}.Debug|Mixed Platforms.ActiveCfg = Debug|Any CPU
		{48881A94-14F8-4ABE-A924-B3FD047DD557}.Debug|Mixed Platforms.Build.0 = Debug|Any CPU
		{48881A94-14F8-4ABE-A924-B3FD047DD557}.Debug|x86.ActiveCfg = Debug|Any CPU
		{48881A94-14F8-4ABE-A924-B3FD047DD557}.Debug|x86.Build.0 = Debug|Any CPU
		{48881A94-14F8-4ABE-A924-B3FD047DD557}.Release|Any CPU.ActiveCfg = Release|Any CPU
		{48881A94-14F8-4ABE-A924-B3FD047DD557}.Release|Any CPU.Build.0 = Release|Any CPU
		{48881A94-14F8-4ABE-A924-B3FD047DD557}.Release|Mixed Platforms.ActiveCfg = Release|Any CPU
		{48881A94-14F8-4ABE-A924-B3FD047DD557}.Release|Mixed Platforms.Build.0 = Release|Any CPU
		{48881A94-14F8-4ABE-A924-B3FD047DD557}.Release|x86.ActiveCfg = Release|Any CPU
		{48881A94-14F8-4ABE-A924-B3FD047DD557}.Release|x86.Build.0 = Release|Any CPU
		{5B1710D2-5DC8-4754-91B2-19165DE49B3D}.Debug|Any CPU.ActiveCfg = Debug|Any CPU
		{5B1710D2-5DC8-4754-91B2-19165DE49B3D}.Debug|Any CPU.Build.0 = Debug|Any CPU
		{5B1710D2-5DC8-4754-91B2-19165DE49B3D}.Debug|Mixed Platforms.ActiveCfg = Debug|Any CPU
		{5B1710D2-5DC8-4754-91B2-19165DE49B3D}.Debug|Mixed Platforms.Build.0 = Debug|Any CPU
		{5B1710D2-5DC8-4754-91B2-19165DE49B3D}.Debug|x86.ActiveCfg = Debug|Any CPU
		{5B1710D2-5DC8-4754-91B2-19165DE49B3D}.Debug|x86.Build.0 = Debug|Any CPU
		{5B1710D2-5DC8-4754-91B2-19165DE49B3D}.Release|Any CPU.ActiveCfg = Release|Any CPU
		{5B1710D2-5DC8-4754-91B2-19165DE49B3D}.Release|Any CPU.Build.0 = Release|Any CPU
		{5B1710D2-5DC8-4754-91B2-19165DE49B3D}.Release|Mixed Platforms.ActiveCfg = Release|Any CPU
		{5B1710D2-5DC8-4754-91B2-19165DE49B3D}.Release|Mixed Platforms.Build.0 = Release|Any CPU
		{5B1710D2-5DC8-4754-91B2-19165DE49B3D}.Release|x86.ActiveCfg = Release|Any CPU
		{5B1710D2-5DC8-4754-91B2-19165DE49B3D}.Release|x86.Build.0 = Release|Any CPU
		{96315950-B9E3-4EC9-AC4F-B6E10B77B422}.Debug|Any CPU.ActiveCfg = Debug|Any CPU
		{96315950-B9E3-4EC9-AC4F-B6E10B77B422}.Debug|Any CPU.Build.0 = Debug|Any CPU
		{96315950-B9E3-4EC9-AC4F-B6E10B77B422}.Debug|Mixed Platforms.ActiveCfg = Debug|Any CPU
		{96315950-B9E3-4EC9-AC4F-B6E10B77B422}.Debug|Mixed Platforms.Build.0 = Debug|Any CPU
		{96315950-B9E3-4EC9-AC4F-B6E10B77B422}.Debug|x86.ActiveCfg = Debug|Any CPU
		{96315950-B9E3-4EC9-AC4F-B6E10B77B422}.Debug|x86.Build.0 = Debug|Any CPU
		{96315950-B9E3-4EC9-AC4F-B6E10B77B422}.Release|Any CPU.ActiveCfg = Release|Any CPU
		{96315950-B9E3-4EC9-AC4F-B6E10B77B422}.Release|Any CPU.Build.0 = Release|Any CPU
		{96315950-B9E3-4EC9-AC4F-B6E10B77B422}.Release|Mixed Platforms.ActiveCfg = Release|Any CPU
		{96315950-B9E3-4EC9-AC4F-B6E10B77B422}.Release|Mixed Platforms.Build.0 = Release|Any CPU
		{96315950-B9E3-4EC9-AC4F-B6E10B77B422}.Release|x86.ActiveCfg = Release|Any CPU
		{96315950-B9E3-4EC9-AC4F-B6E10B77B422}.Release|x86.Build.0 = Release|Any CPU
		{9F97D256-7446-41C6-A499-C52227F4B82C}.Debug|Any CPU.ActiveCfg = Debug|Any CPU
		{9F97D256-7446-41C6-A499-C52227F4B82C}.Debug|Any CPU.Build.0 = Debug|Any CPU
		{9F97D256-7446-41C6-A499-C52227F4B82C}.Debug|Mixed Platforms.ActiveCfg = Debug|Any CPU
		{9F97D256-7446-41C6-A499-C52227F4B82C}.Debug|Mixed Platforms.Build.0 = Debug|Any CPU
		{9F97D256-7446-41C6-A499-C52227F4B82C}.Debug|x86.ActiveCfg = Debug|Any CPU
		{9F97D256-7446-41C6-A499-C52227F4B82C}.Debug|x86.Build.0 = Debug|Any CPU
		{9F97D256-7446-41C6-A499-C52227F4B82C}.Release|Any CPU.ActiveCfg = Release|Any CPU
		{9F97D256-7446-41C6-A499-C52227F4B82C}.Release|Any CPU.Build.0 = Release|Any CPU
		{9F97D256-7446-41C6-A499-C52227F4B82C}.Release|Mixed Platforms.ActiveCfg = Release|Any CPU
		{9F97D256-7446-41C6-A499-C52227F4B82C}.Release|Mixed Platforms.Build.0 = Release|Any CPU
		{9F97D256-7446-41C6-A499-C52227F4B82C}.Release|x86.ActiveCfg = Release|Any CPU
		{9F97D256-7446-41C6-A499-C52227F4B82C}.Release|x86.Build.0 = Release|Any CPU
		{3BEDA392-D2B0-425C-B8D6-D132FF4D3356}.Debug|Any CPU.ActiveCfg = Debug|Any CPU
		{3BEDA392-D2B0-425C-B8D6-D132FF4D3356}.Debug|Any CPU.Build.0 = Debug|Any CPU
		{3BEDA392-D2B0-425C-B8D6-D132FF4D3356}.Debug|Mixed Platforms.ActiveCfg = Debug|Any CPU
		{3BEDA392-D2B0-425C-B8D6-D132FF4D3356}.Debug|Mixed Platforms.Build.0 = Debug|Any CPU
		{3BEDA392-D2B0-425C-B8D6-D132FF4D3356}.Debug|x86.ActiveCfg = Debug|Any CPU
		{3BEDA392-D2B0-425C-B8D6-D132FF4D3356}.Debug|x86.Build.0 = Debug|Any CPU
		{3BEDA392-D2B0-425C-B8D6-D132FF4D3356}.Release|Any CPU.ActiveCfg = Release|Any CPU
		{3BEDA392-D2B0-425C-B8D6-D132FF4D3356}.Release|Any CPU.Build.0 = Release|Any CPU
		{3BEDA392-D2B0-425C-B8D6-D132FF4D3356}.Release|Mixed Platforms.ActiveCfg = Release|Any CPU
		{3BEDA392-D2B0-425C-B8D6-D132FF4D3356}.Release|Mixed Platforms.Build.0 = Release|Any CPU
		{3BEDA392-D2B0-425C-B8D6-D132FF4D3356}.Release|x86.ActiveCfg = Release|Any CPU
		{3BEDA392-D2B0-425C-B8D6-D132FF4D3356}.Release|x86.Build.0 = Release|Any CPU
		{55635394-4F80-40C9-8C79-5A958CF2C219}.Debug|Any CPU.ActiveCfg = Debug|Any CPU
		{55635394-4F80-40C9-8C79-5A958CF2C219}.Debug|Any CPU.Build.0 = Debug|Any CPU
		{55635394-4F80-40C9-8C79-5A958CF2C219}.Debug|Mixed Platforms.ActiveCfg = Debug|Any CPU
		{55635394-4F80-40C9-8C79-5A958CF2C219}.Debug|Mixed Platforms.Build.0 = Debug|Any CPU
		{55635394-4F80-40C9-8C79-5A958CF2C219}.Debug|x86.ActiveCfg = Debug|Any CPU
		{55635394-4F80-40C9-8C79-5A958CF2C219}.Debug|x86.Build.0 = Debug|Any CPU
		{55635394-4F80-40C9-8C79-5A958CF2C219}.Release|Any CPU.ActiveCfg = Release|Any CPU
		{55635394-4F80-40C9-8C79-5A958CF2C219}.Release|Any CPU.Build.0 = Release|Any CPU
		{55635394-4F80-40C9-8C79-5A958CF2C219}.Release|Mixed Platforms.ActiveCfg = Release|Any CPU
		{55635394-4F80-40C9-8C79-5A958CF2C219}.Release|Mixed Platforms.Build.0 = Release|Any CPU
		{55635394-4F80-40C9-8C79-5A958CF2C219}.Release|x86.ActiveCfg = Release|Any CPU
		{55635394-4F80-40C9-8C79-5A958CF2C219}.Release|x86.Build.0 = Release|Any CPU
		{49CC37A0-302E-43C4-ADED-8D79F652242E}.Debug|Any CPU.ActiveCfg = Debug|Any CPU
		{49CC37A0-302E-43C4-ADED-8D79F652242E}.Debug|Any CPU.Build.0 = Debug|Any CPU
		{49CC37A0-302E-43C4-ADED-8D79F652242E}.Debug|Mixed Platforms.ActiveCfg = Debug|Any CPU
		{49CC37A0-302E-43C4-ADED-8D79F652242E}.Debug|Mixed Platforms.Build.0 = Debug|Any CPU
		{49CC37A0-302E-43C4-ADED-8D79F652242E}.Debug|x86.ActiveCfg = Debug|Any CPU
		{49CC37A0-302E-43C4-ADED-8D79F652242E}.Debug|x86.Build.0 = Debug|Any CPU
		{49CC37A0-302E-43C4-ADED-8D79F652242E}.Release|Any CPU.ActiveCfg = Release|Any CPU
		{49CC37A0-302E-43C4-ADED-8D79F652242E}.Release|Any CPU.Build.0 = Release|Any CPU
		{49CC37A0-302E-43C4-ADED-8D79F652242E}.Release|Mixed Platforms.ActiveCfg = Release|Any CPU
		{49CC37A0-302E-43C4-ADED-8D79F652242E}.Release|Mixed Platforms.Build.0 = Release|Any CPU
		{49CC37A0-302E-43C4-ADED-8D79F652242E}.Release|x86.ActiveCfg = Release|Any CPU
		{49CC37A0-302E-43C4-ADED-8D79F652242E}.Release|x86.Build.0 = Release|Any CPU
		{E19A6DC8-30F3-45D5-8B67-584C5A034212}.Debug|Any CPU.ActiveCfg = Debug|Any CPU
		{E19A6DC8-30F3-45D5-8B67-584C5A034212}.Debug|Any CPU.Build.0 = Debug|Any CPU
		{E19A6DC8-30F3-45D5-8B67-584C5A034212}.Debug|Mixed Platforms.ActiveCfg = Debug|Any CPU
		{E19A6DC8-30F3-45D5-8B67-584C5A034212}.Debug|Mixed Platforms.Build.0 = Debug|Any CPU
		{E19A6DC8-30F3-45D5-8B67-584C5A034212}.Debug|x86.ActiveCfg = Debug|Any CPU
		{E19A6DC8-30F3-45D5-8B67-584C5A034212}.Debug|x86.Build.0 = Debug|Any CPU
		{E19A6DC8-30F3-45D5-8B67-584C5A034212}.Release|Any CPU.ActiveCfg = Release|Any CPU
		{E19A6DC8-30F3-45D5-8B67-584C5A034212}.Release|Any CPU.Build.0 = Release|Any CPU
		{E19A6DC8-30F3-45D5-8B67-584C5A034212}.Release|Mixed Platforms.ActiveCfg = Release|Any CPU
		{E19A6DC8-30F3-45D5-8B67-584C5A034212}.Release|Mixed Platforms.Build.0 = Release|Any CPU
		{E19A6DC8-30F3-45D5-8B67-584C5A034212}.Release|x86.ActiveCfg = Release|Any CPU
		{E19A6DC8-30F3-45D5-8B67-584C5A034212}.Release|x86.Build.0 = Release|Any CPU
		{A68FB29A-1A80-44F5-A75D-86F7FE0A31F7}.Debug|Any CPU.ActiveCfg = Debug|Any CPU
		{A68FB29A-1A80-44F5-A75D-86F7FE0A31F7}.Debug|Any CPU.Build.0 = Debug|Any CPU
		{A68FB29A-1A80-44F5-A75D-86F7FE0A31F7}.Debug|Mixed Platforms.ActiveCfg = Debug|Any CPU
		{A68FB29A-1A80-44F5-A75D-86F7FE0A31F7}.Debug|Mixed Platforms.Build.0 = Debug|Any CPU
		{A68FB29A-1A80-44F5-A75D-86F7FE0A31F7}.Debug|x86.ActiveCfg = Debug|Any CPU
		{A68FB29A-1A80-44F5-A75D-86F7FE0A31F7}.Release|Any CPU.ActiveCfg = Release|Any CPU
		{A68FB29A-1A80-44F5-A75D-86F7FE0A31F7}.Release|Any CPU.Build.0 = Release|Any CPU
		{A68FB29A-1A80-44F5-A75D-86F7FE0A31F7}.Release|Mixed Platforms.ActiveCfg = Release|Any CPU
		{A68FB29A-1A80-44F5-A75D-86F7FE0A31F7}.Release|Mixed Platforms.Build.0 = Release|Any CPU
		{A68FB29A-1A80-44F5-A75D-86F7FE0A31F7}.Release|x86.ActiveCfg = Release|Any CPU
		{E6703634-362A-4E62-A951-614922B7C045}.Debug|Any CPU.ActiveCfg = Debug|Any CPU
		{E6703634-362A-4E62-A951-614922B7C045}.Debug|Any CPU.Build.0 = Debug|Any CPU
		{E6703634-362A-4E62-A951-614922B7C045}.Debug|Mixed Platforms.ActiveCfg = Debug|Any CPU
		{E6703634-362A-4E62-A951-614922B7C045}.Debug|Mixed Platforms.Build.0 = Debug|Any CPU
		{E6703634-362A-4E62-A951-614922B7C045}.Debug|x86.ActiveCfg = Debug|Any CPU
		{E6703634-362A-4E62-A951-614922B7C045}.Debug|x86.Build.0 = Debug|Any CPU
		{E6703634-362A-4E62-A951-614922B7C045}.Release|Any CPU.ActiveCfg = Release|Any CPU
		{E6703634-362A-4E62-A951-614922B7C045}.Release|Any CPU.Build.0 = Release|Any CPU
		{E6703634-362A-4E62-A951-614922B7C045}.Release|Mixed Platforms.ActiveCfg = Release|Any CPU
		{E6703634-362A-4E62-A951-614922B7C045}.Release|Mixed Platforms.Build.0 = Release|Any CPU
		{E6703634-362A-4E62-A951-614922B7C045}.Release|x86.ActiveCfg = Release|Any CPU
		{E6703634-362A-4E62-A951-614922B7C045}.Release|x86.Build.0 = Release|Any CPU
		{33C58CB0-1338-455F-A678-9D5BE412D468}.Debug|Any CPU.ActiveCfg = Debug|Any CPU
		{33C58CB0-1338-455F-A678-9D5BE412D468}.Debug|Any CPU.Build.0 = Debug|Any CPU
		{33C58CB0-1338-455F-A678-9D5BE412D468}.Debug|Mixed Platforms.ActiveCfg = Debug|Any CPU
		{33C58CB0-1338-455F-A678-9D5BE412D468}.Debug|Mixed Platforms.Build.0 = Debug|Any CPU
		{33C58CB0-1338-455F-A678-9D5BE412D468}.Debug|x86.ActiveCfg = Debug|Any CPU
		{33C58CB0-1338-455F-A678-9D5BE412D468}.Debug|x86.Build.0 = Debug|Any CPU
		{33C58CB0-1338-455F-A678-9D5BE412D468}.Release|Any CPU.ActiveCfg = Release|Any CPU
		{33C58CB0-1338-455F-A678-9D5BE412D468}.Release|Any CPU.Build.0 = Release|Any CPU
		{33C58CB0-1338-455F-A678-9D5BE412D468}.Release|Mixed Platforms.ActiveCfg = Release|Any CPU
		{33C58CB0-1338-455F-A678-9D5BE412D468}.Release|Mixed Platforms.Build.0 = Release|Any CPU
		{33C58CB0-1338-455F-A678-9D5BE412D468}.Release|x86.ActiveCfg = Release|Any CPU
		{33C58CB0-1338-455F-A678-9D5BE412D468}.Release|x86.Build.0 = Release|Any CPU
		{C57D8718-263E-4A5A-AEFB-76A19F8898D1}.Debug|Any CPU.ActiveCfg = Debug|Any CPU
		{C57D8718-263E-4A5A-AEFB-76A19F8898D1}.Debug|Any CPU.Build.0 = Debug|Any CPU
		{C57D8718-263E-4A5A-AEFB-76A19F8898D1}.Debug|Mixed Platforms.ActiveCfg = Debug|Any CPU
		{C57D8718-263E-4A5A-AEFB-76A19F8898D1}.Debug|Mixed Platforms.Build.0 = Debug|Any CPU
		{C57D8718-263E-4A5A-AEFB-76A19F8898D1}.Debug|x86.ActiveCfg = Debug|Any CPU
		{C57D8718-263E-4A5A-AEFB-76A19F8898D1}.Debug|x86.Build.0 = Debug|Any CPU
		{C57D8718-263E-4A5A-AEFB-76A19F8898D1}.Release|Any CPU.ActiveCfg = Release|Any CPU
		{C57D8718-263E-4A5A-AEFB-76A19F8898D1}.Release|Any CPU.Build.0 = Release|Any CPU
		{C57D8718-263E-4A5A-AEFB-76A19F8898D1}.Release|Mixed Platforms.ActiveCfg = Release|Any CPU
		{C57D8718-263E-4A5A-AEFB-76A19F8898D1}.Release|Mixed Platforms.Build.0 = Release|Any CPU
		{C57D8718-263E-4A5A-AEFB-76A19F8898D1}.Release|x86.ActiveCfg = Release|Any CPU
		{C57D8718-263E-4A5A-AEFB-76A19F8898D1}.Release|x86.Build.0 = Release|Any CPU
	EndGlobalSection
	GlobalSection(SolutionProperties) = preSolution
		HideSolutionNode = FALSE
	EndGlobalSection
	GlobalSection(NestedProjects) = preSolution
		{5C397F56-6126-4F15-B6EC-7391BB0C13EB} = {B04915AD-F43B-4DDA-92D2-5B3738E8BBBF}
		{E64D85BB-68FE-42FE-83C9-55D23FFDF7A4} = {05EF5BD6-4EA2-4082-A248-88F38467E2C5}
		{46C7DBD4-3821-4579-995D-0E88BFF6BEAC} = {243C537A-01F9-4D21-AED0-7C61BBF8EBEA}
		{48881A94-14F8-4ABE-A924-B3FD047DD557} = {4F5578D4-5206-4D7A-82B9-E7E72F335138}
		{5B1710D2-5DC8-4754-91B2-19165DE49B3D} = {BB7EC56F-7505-4058-B7CA-16085EC2739A}
		{96315950-B9E3-4EC9-AC4F-B6E10B77B422} = {773DE8C3-C719-4853-A0A4-8F765551E6EA}
		{9F97D256-7446-41C6-A499-C52227F4B82C} = {67059641-0EFC-4E26-AA2D-CDBBEEF4C2C6}
		{3BEDA392-D2B0-425C-B8D6-D132FF4D3356} = {4A28851E-EE0E-4D7E-8F53-DA27FE225BE3}
		{55635394-4F80-40C9-8C79-5A958CF2C219} = {B4F617A1-F662-4852-B4F8-C6278B8285A4}
		{49CC37A0-302E-43C4-ADED-8D79F652242E} = {243C537A-01F9-4D21-AED0-7C61BBF8EBEA}
		{E19A6DC8-30F3-45D5-8B67-584C5A034212} = {243C537A-01F9-4D21-AED0-7C61BBF8EBEA}
		{A68FB29A-1A80-44F5-A75D-86F7FE0A31F7} = {773DE8C3-C719-4853-A0A4-8F765551E6EA}
		{E6703634-362A-4E62-A951-614922B7C045} = {BB7EC56F-7505-4058-B7CA-16085EC2739A}
		{33C58CB0-1338-455F-A678-9D5BE412D468} = {243C537A-01F9-4D21-AED0-7C61BBF8EBEA}
		{C57D8718-263E-4A5A-AEFB-76A19F8898D1} = {773DE8C3-C719-4853-A0A4-8F765551E6EA}
	EndGlobalSection
EndGlobal
